
Microsoft Visual Studio Solution File, Format Version 12.00
# Visual Studio 15
VisualStudioVersion = 15.0.27428.2043
MinimumVisualStudioVersion = 10.0.40219.1
Project("{FAE04EC0-301F-11D3-BF4B-00C04F79EFBC}") = "CRUD_sample_api", "CRUD_sample_api\CRUD_sample_api.csproj", "{45B0A5D4-C662-44E0-879D-9F59848808DA}"
EndProject
Global
	GlobalSection(SolutionConfigurationPlatforms) = preSolution
		Debug|Any CPU = Debug|Any CPU
		Release|Any CPU = Release|Any CPU
	EndGlobalSection
	GlobalSection(ProjectConfigurationPlatforms) = postSolution
		{45B0A5D4-C662-44E0-879D-9F59848808DA}.Debug|Any CPU.ActiveCfg = Debug|Any CPU
		{45B0A5D4-C662-44E0-879D-9F59848808DA}.Debug|Any CPU.Build.0 = Debug|Any CPU
		{45B0A5D4-C662-44E0-879D-9F59848808DA}.Release|Any CPU.ActiveCfg = Release|Any CPU
		{45B0A5D4-C662-44E0-879D-9F59848808DA}.Release|Any CPU.Build.0 = Release|Any CPU
	EndGlobalSection
	GlobalSection(SolutionProperties) = preSolution
		HideSolutionNode = FALSE
	EndGlobalSection
	GlobalSection(ExtensibilityGlobals) = postSolution
		SolutionGuid = {178D65D9-78BF-4154-B015-33DA5BC71509}
	EndGlobalSection
EndGlobal
